// !$*UTF8*$!
{
	archiveVersion = 1;
	classes = {
	};
	objectVersion = 56;
	objects = {

/* Begin PBXBuildFile section */
		F100D21928EDE14500F1664F /* Weather.swift in Sources */ = {isa = PBXBuildFile; fileRef = F100D21828EDE14500F1664F /* Weather.swift */; };
		F100D21B28EDE82C00F1664F /* WeatherCell.swift in Sources */ = {isa = PBXBuildFile; fileRef = F100D21A28EDE82C00F1664F /* WeatherCell.swift */; };
		F100D21D28EDEF4400F1664F /* DataManager.swift in Sources */ = {isa = PBXBuildFile; fileRef = F100D21C28EDEF4400F1664F /* DataManager.swift */; };
		F11BD77428ED791E00B9E3A8 /* AppDelegate.swift in Sources */ = {isa = PBXBuildFile; fileRef = F11BD77328ED791E00B9E3A8 /* AppDelegate.swift */; };
		F11BD77628ED791E00B9E3A8 /* SceneDelegate.swift in Sources */ = {isa = PBXBuildFile; fileRef = F11BD77528ED791E00B9E3A8 /* SceneDelegate.swift */; };
		F11BD77828ED791E00B9E3A8 /* ListViewController.swift in Sources */ = {isa = PBXBuildFile; fileRef = F11BD77728ED791E00B9E3A8 /* ListViewController.swift */; };
		F11BD77B28ED791E00B9E3A8 /* Main.storyboard in Resources */ = {isa = PBXBuildFile; fileRef = F11BD77928ED791E00B9E3A8 /* Main.storyboard */; };
		F11BD77D28ED791F00B9E3A8 /* Assets.xcassets in Resources */ = {isa = PBXBuildFile; fileRef = F11BD77C28ED791F00B9E3A8 /* Assets.xcassets */; };
		F11BD78028ED791F00B9E3A8 /* LaunchScreen.storyboard in Resources */ = {isa = PBXBuildFile; fileRef = F11BD77E28ED791F00B9E3A8 /* LaunchScreen.storyboard */; };
		F13C3E8E28F07E4A00D66DD6 /* DetailCollectionViewController.swift in Sources */ = {isa = PBXBuildFile; fileRef = F13C3E8D28F07E4A00D66DD6 /* DetailCollectionViewController.swift */; };
		F13C3E9028F1635300D66DD6 /* CollectionViewCell.swift in Sources */ = {isa = PBXBuildFile; fileRef = F13C3E8F28F1635300D66DD6 /* CollectionViewCell.swift */; };
		F16DCEA528F41A46007B3256 /* ConfigVC.swift in Sources */ = {isa = PBXBuildFile; fileRef = F16DCEA428F41A46007B3256 /* ConfigVC.swift */; };
		F16DCEA728F41AD4007B3256 /* ConfigCell.swift in Sources */ = {isa = PBXBuildFile; fileRef = F16DCEA628F41AD4007B3256 /* ConfigCell.swift */; };
		F16DCEA928F4ADDA007B3256 /* WeatherDatabase.swift in Sources */ = {isa = PBXBuildFile; fileRef = F16DCEA828F4ADDA007B3256 /* WeatherDatabase.swift */; };
/* End PBXBuildFile section */

/* Begin PBXFileReference section */
		F100D21828EDE14500F1664F /* Weather.swift */ = {isa = PBXFileReference; lastKnownFileType = sourcecode.swift; path = Weather.swift; sourceTree = "<group>"; };
		F100D21A28EDE82C00F1664F /* WeatherCell.swift */ = {isa = PBXFileReference; lastKnownFileType = sourcecode.swift; path = WeatherCell.swift; sourceTree = "<group>"; };
		F100D21C28EDEF4400F1664F /* DataManager.swift */ = {isa = PBXFileReference; lastKnownFileType = sourcecode.swift; path = DataManager.swift; sourceTree = "<group>"; };
		F11BD77028ED791E00B9E3A8 /* Logan_Hackathon_WeatherApp.app */ = {isa = PBXFileReference; explicitFileType = wrapper.application; includeInIndex = 0; path = Logan_Hackathon_WeatherApp.app; sourceTree = BUILT_PRODUCTS_DIR; };
		F11BD77328ED791E00B9E3A8 /* AppDelegate.swift */ = {isa = PBXFileReference; lastKnownFileType = sourcecode.swift; path = AppDelegate.swift; sourceTree = "<group>"; };
		F11BD77528ED791E00B9E3A8 /* SceneDelegate.swift */ = {isa = PBXFileReference; lastKnownFileType = sourcecode.swift; path = SceneDelegate.swift; sourceTree = "<group>"; };
		F11BD77728ED791E00B9E3A8 /* ListViewController.swift */ = {isa = PBXFileReference; lastKnownFileType = sourcecode.swift; path = ListViewController.swift; sourceTree = "<group>"; };
		F11BD77A28ED791E00B9E3A8 /* Base */ = {isa = PBXFileReference; lastKnownFileType = file.storyboard; name = Base; path = Base.lproj/Main.storyboard; sourceTree = "<group>"; };
		F11BD77C28ED791F00B9E3A8 /* Assets.xcassets */ = {isa = PBXFileReference; lastKnownFileType = folder.assetcatalog; path = Assets.xcassets; sourceTree = "<group>"; };
		F11BD77F28ED791F00B9E3A8 /* Base */ = {isa = PBXFileReference; lastKnownFileType = file.storyboard; name = Base; path = Base.lproj/LaunchScreen.storyboard; sourceTree = "<group>"; };
		F11BD78128ED791F00B9E3A8 /* Info.plist */ = {isa = PBXFileReference; lastKnownFileType = text.plist.xml; path = Info.plist; sourceTree = "<group>"; };
		F13C3E8D28F07E4A00D66DD6 /* DetailCollectionViewController.swift */ = {isa = PBXFileReference; lastKnownFileType = sourcecode.swift; path = DetailCollectionViewController.swift; sourceTree = "<group>"; };
		F13C3E8F28F1635300D66DD6 /* CollectionViewCell.swift */ = {isa = PBXFileReference; lastKnownFileType = sourcecode.swift; path = CollectionViewCell.swift; sourceTree = "<group>"; };
		F16DCEA428F41A46007B3256 /* ConfigVC.swift */ = {isa = PBXFileReference; lastKnownFileType = sourcecode.swift; path = ConfigVC.swift; sourceTree = "<group>"; };
		F16DCEA628F41AD4007B3256 /* ConfigCell.swift */ = {isa = PBXFileReference; lastKnownFileType = sourcecode.swift; path = ConfigCell.swift; sourceTree = "<group>"; };
		F16DCEA828F4ADDA007B3256 /* WeatherDatabase.swift */ = {isa = PBXFileReference; lastKnownFileType = sourcecode.swift; path = WeatherDatabase.swift; sourceTree = "<group>"; };
/* End PBXFileReference section */

/* Begin PBXFrameworksBuildPhase section */
		F11BD76D28ED791E00B9E3A8 /* Frameworks */ = {
			isa = PBXFrameworksBuildPhase;
			buildActionMask = 2147483647;
			files = (
			);
			runOnlyForDeploymentPostprocessing = 0;
		};
/* End PBXFrameworksBuildPhase section */

/* Begin PBXGroup section */
		F11BD76728ED791E00B9E3A8 = {
			isa = PBXGroup;
			children = (
				F11BD77228ED791E00B9E3A8 /* Logan_Hackathon_WeatherApp */,
				F11BD77128ED791E00B9E3A8 /* Products */,
			);
			sourceTree = "<group>";
		};
		F11BD77128ED791E00B9E3A8 /* Products */ = {
			isa = PBXGroup;
			children = (
				F11BD77028ED791E00B9E3A8 /* Logan_Hackathon_WeatherApp.app */,
			);
			name = Products;
			sourceTree = "<group>";
		};
		F11BD77228ED791E00B9E3A8 /* Logan_Hackathon_WeatherApp */ = {
			isa = PBXGroup;
			children = (
				F11BD77328ED791E00B9E3A8 /* AppDelegate.swift */,
				F11BD77528ED791E00B9E3A8 /* SceneDelegate.swift */,
				F11BD78928EDB4B500B9E3A8 /* Models */,
				F11BD78828EDB4A100B9E3A8 /* Views */,
				F11BD78728EDB48200B9E3A8 /* Controllers */,
				F14D4DC728F19D24009F78A4 /* ETC */,
				F11BD77928ED791E00B9E3A8 /* Main.storyboard */,
				F11BD77C28ED791F00B9E3A8 /* Assets.xcassets */,
				F11BD77E28ED791F00B9E3A8 /* LaunchScreen.storyboard */,
				F11BD78128ED791F00B9E3A8 /* Info.plist */,
			);
			path = Logan_Hackathon_WeatherApp;
			sourceTree = "<group>";
		};
		F11BD78728EDB48200B9E3A8 /* Controllers */ = {
			isa = PBXGroup;
			children = (
				F13C3E8D28F07E4A00D66DD6 /* DetailCollectionViewController.swift */,
				F11BD77728ED791E00B9E3A8 /* ListViewController.swift */,
				F16DCEA428F41A46007B3256 /* ConfigVC.swift */,
			);
			path = Controllers;
			sourceTree = "<group>";
		};
		F11BD78828EDB4A100B9E3A8 /* Views */ = {
			isa = PBXGroup;
			children = (
				F100D21A28EDE82C00F1664F /* WeatherCell.swift */,
				F13C3E8F28F1635300D66DD6 /* CollectionViewCell.swift */,
				F16DCEA628F41AD4007B3256 /* ConfigCell.swift */,
			);
			path = Views;
			sourceTree = "<group>";
		};
		F11BD78928EDB4B500B9E3A8 /* Models */ = {
			isa = PBXGroup;
			children = (
				F100D21828EDE14500F1664F /* Weather.swift */,
				F16DCEA828F4ADDA007B3256 /* WeatherDatabase.swift */,
				F100D21C28EDEF4400F1664F /* DataManager.swift */,
			);
			path = Models;
			sourceTree = "<group>";
		};
		F14D4DC728F19D24009F78A4 /* ETC */ = {
			isa = PBXGroup;
			children = (
			);
			path = ETC;
			sourceTree = "<group>";
		};
/* End PBXGroup section */

/* Begin PBXNativeTarget section */
		F11BD76F28ED791E00B9E3A8 /* Logan_Hackathon_WeatherApp */ = {
			isa = PBXNativeTarget;
			buildConfigurationList = F11BD78428ED791F00B9E3A8 /* Build configuration list for PBXNativeTarget "Logan_Hackathon_WeatherApp" */;
			buildPhases = (
				F11BD76C28ED791E00B9E3A8 /* Sources */,
				F11BD76D28ED791E00B9E3A8 /* Frameworks */,
				F11BD76E28ED791E00B9E3A8 /* Resources */,
			);
			buildRules = (
			);
			dependencies = (
			);
			name = Logan_Hackathon_WeatherApp;
			productName = Logan_Hackathon_WeatherApp;
			productReference = F11BD77028ED791E00B9E3A8 /* Logan_Hackathon_WeatherApp.app */;
			productType = "com.apple.product-type.application";
		};
/* End PBXNativeTarget section */

/* Begin PBXProject section */
		F11BD76828ED791E00B9E3A8 /* Project object */ = {
			isa = PBXProject;
			attributes = {
				BuildIndependentTargetsInParallel = 1;
				LastSwiftUpdateCheck = 1400;
				LastUpgradeCheck = 1400;
				TargetAttributes = {
					F11BD76F28ED791E00B9E3A8 = {
						CreatedOnToolsVersion = 14.0.1;
					};
				};
			};
			buildConfigurationList = F11BD76B28ED791E00B9E3A8 /* Build configuration list for PBXProject "Logan_Hackathon_WeatherApp" */;
			compatibilityVersion = "Xcode 14.0";
			developmentRegion = en;
			hasScannedForEncodings = 0;
			knownRegions = (
				en,
				Base,
			);
			mainGroup = F11BD76728ED791E00B9E3A8;
			productRefGroup = F11BD77128ED791E00B9E3A8 /* Products */;
			projectDirPath = "";
			projectRoot = "";
			targets = (
				F11BD76F28ED791E00B9E3A8 /* Logan_Hackathon_WeatherApp */,
			);
		};
/* End PBXProject section */

/* Begin PBXResourcesBuildPhase section */
		F11BD76E28ED791E00B9E3A8 /* Resources */ = {
			isa = PBXResourcesBuildPhase;
			buildActionMask = 2147483647;
			files = (
				F11BD78028ED791F00B9E3A8 /* LaunchScreen.storyboard in Resources */,
				F11BD77D28ED791F00B9E3A8 /* Assets.xcassets in Resources */,
				F11BD77B28ED791E00B9E3A8 /* Main.storyboard in Resources */,
			);
			runOnlyForDeploymentPostprocessing = 0;
		};
/* End PBXResourcesBuildPhase section */

/* Begin PBXSourcesBuildPhase section */
		F11BD76C28ED791E00B9E3A8 /* Sources */ = {
			isa = PBXSourcesBuildPhase;
			buildActionMask = 2147483647;
			files = (
				F16DCEA928F4ADDA007B3256 /* WeatherDatabase.swift in Sources */,
				F11BD77828ED791E00B9E3A8 /* ListViewController.swift in Sources */,
				F100D21D28EDEF4400F1664F /* DataManager.swift in Sources */,
				F13C3E9028F1635300D66DD6 /* CollectionViewCell.swift in Sources */,
				F100D21928EDE14500F1664F /* Weather.swift in Sources */,
				F100D21B28EDE82C00F1664F /* WeatherCell.swift in Sources */,
				F16DCEA528F41A46007B3256 /* ConfigVC.swift in Sources */,
				F11BD77428ED791E00B9E3A8 /* AppDelegate.swift in Sources */,
				F16DCEA728F41AD4007B3256 /* ConfigCell.swift in Sources */,
				F13C3E8E28F07E4A00D66DD6 /* DetailCollectionViewController.swift in Sources */,
				F11BD77628ED791E00B9E3A8 /* SceneDelegate.swift in Sources */,
			);
			runOnlyForDeploymentPostprocessing = 0;
		};
/* End PBXSourcesBuildPhase section */

/* Begin PBXVariantGroup section */
		F11BD77928ED791E00B9E3A8 /* Main.storyboard */ = {
			isa = PBXVariantGroup;
			children = (
				F11BD77A28ED791E00B9E3A8 /* Base */,
			);
			name = Main.storyboard;
			sourceTree = "<group>";
		};
		F11BD77E28ED791F00B9E3A8 /* LaunchScreen.storyboard */ = {
			isa = PBXVariantGroup;
			children = (
				F11BD77F28ED791F00B9E3A8 /* Base */,
			);
			name = LaunchScreen.storyboard;
			sourceTree = "<group>";
		};
/* End PBXVariantGroup section */

/* Begin XCBuildConfiguration section */
		F11BD78228ED791F00B9E3A8 /* Debug */ = {
			isa = XCBuildConfiguration;
			buildSettings = {
				ALWAYS_SEARCH_USER_PATHS = NO;
				CLANG_ANALYZER_NONNULL = YES;
				CLANG_ANALYZER_NUMBER_OBJECT_CONVERSION = YES_AGGRESSIVE;
				CLANG_CXX_LANGUAGE_STANDARD = "gnu++20";
				CLANG_ENABLE_MODULES = YES;
				CLANG_ENABLE_OBJC_ARC = YES;
				CLANG_ENABLE_OBJC_WEAK = YES;
				CLANG_WARN_BLOCK_CAPTURE_AUTORELEASING = YES;
				CLANG_WARN_BOOL_CONVERSION = YES;
				CLANG_WARN_COMMA = YES;
				CLANG_WARN_CONSTANT_CONVERSION = YES;
				CLANG_WARN_DEPRECATED_OBJC_IMPLEMENTATIONS = YES;
				CLANG_WARN_DIRECT_OBJC_ISA_USAGE = YES_ERROR;
				CLANG_WARN_DOCUMENTATION_COMMENTS = YES;
				CLANG_WARN_EMPTY_BODY = YES;
				CLANG_WARN_ENUM_CONVERSION = YES;
				CLANG_WARN_INFINITE_RECURSION = YES;
				CLANG_WARN_INT_CONVERSION = YES;
				CLANG_WARN_NON_LITERAL_NULL_CONVERSION = YES;
				CLANG_WARN_OBJC_IMPLICIT_RETAIN_SELF = YES;
				CLANG_WARN_OBJC_LITERAL_CONVERSION = YES;
				CLANG_WARN_OBJC_ROOT_CLASS = YES_ERROR;
				CLANG_WARN_QUOTED_INCLUDE_IN_FRAMEWORK_HEADER = YES;
				CLANG_WARN_RANGE_LOOP_ANALYSIS = YES;
				CLANG_WARN_STRICT_PROTOTYPES = YES;
				CLANG_WARN_SUSPICIOUS_MOVE = YES;
				CLANG_WARN_UNGUARDED_AVAILABILITY = YES_AGGRESSIVE;
				CLANG_WARN_UNREACHABLE_CODE = YES;
				CLANG_WARN__DUPLICATE_METHOD_MATCH = YES;
				COPY_PHASE_STRIP = NO;
				DEBUG_INFORMATION_FORMAT = dwarf;
				ENABLE_STRICT_OBJC_MSGSEND = YES;
				ENABLE_TESTABILITY = YES;
				GCC_C_LANGUAGE_STANDARD = gnu11;
				GCC_DYNAMIC_NO_PIC = NO;
				GCC_NO_COMMON_BLOCKS = YES;
				GCC_OPTIMIZATION_LEVEL = 0;
				GCC_PREPROCESSOR_DEFINITIONS = (
					"DEBUG=1",
					"$(inherited)",
				);
				GCC_WARN_64_TO_32_BIT_CONVERSION = YES;
				GCC_WARN_ABOUT_RETURN_TYPE = YES_ERROR;
				GCC_WARN_UNDECLARED_SELECTOR = YES;
				GCC_WARN_UNINITIALIZED_AUTOS = YES_AGGRESSIVE;
				GCC_WARN_UNUSED_FUNCTION = YES;
				GCC_WARN_UNUSED_VARIABLE = YES;
				IPHONEOS_DEPLOYMENT_TARGET = 16.0;
				MTL_ENABLE_DEBUG_INFO = INCLUDE_SOURCE;
				MTL_FAST_MATH = YES;
				ONLY_ACTIVE_ARCH = YES;
				SDKROOT = iphoneos;
				SWIFT_ACTIVE_COMPILATION_CONDITIONS = DEBUG;
				SWIFT_OPTIMIZATION_LEVEL = "-Onone";
			};
			name = Debug;
		};
		F11BD78328ED791F00B9E3A8 /* Release */ = {
			isa = XCBuildConfiguration;
			buildSettings = {
				ALWAYS_SEARCH_USER_PATHS = NO;
				CLANG_ANALYZER_NONNULL = YES;
				CLANG_ANALYZER_NUMBER_OBJECT_CONVERSION = YES_AGGRESSIVE;
				CLANG_CXX_LANGUAGE_STANDARD = "gnu++20";
				CLANG_ENABLE_MODULES = YES;
				CLANG_ENABLE_OBJC_ARC = YES;
				CLANG_ENABLE_OBJC_WEAK = YES;
				CLANG_WARN_BLOCK_CAPTURE_AUTORELEASING = YES;
				CLANG_WARN_BOOL_CONVERSION = YES;
				CLANG_WARN_COMMA = YES;
				CLANG_WARN_CONSTANT_CONVERSION = YES;
				CLANG_WARN_DEPRECATED_OBJC_IMPLEMENTATIONS = YES;
				CLANG_WARN_DIRECT_OBJC_ISA_USAGE = YES_ERROR;
				CLANG_WARN_DOCUMENTATION_COMMENTS = YES;
				CLANG_WARN_EMPTY_BODY = YES;
				CLANG_WARN_ENUM_CONVERSION = YES;
				CLANG_WARN_INFINITE_RECURSION = YES;
				CLANG_WARN_INT_CONVERSION = YES;
				CLANG_WARN_NON_LITERAL_NULL_CONVERSION = YES;
				CLANG_WARN_OBJC_IMPLICIT_RETAIN_SELF = YES;
				CLANG_WARN_OBJC_LITERAL_CONVERSION = YES;
				CLANG_WARN_OBJC_ROOT_CLASS = YES_ERROR;
				CLANG_WARN_QUOTED_INCLUDE_IN_FRAMEWORK_HEADER = YES;
				CLANG_WARN_RANGE_LOOP_ANALYSIS = YES;
				CLANG_WARN_STRICT_PROTOTYPES = YES;
				CLANG_WARN_SUSPICIOUS_MOVE = YES;
				CLANG_WARN_UNGUARDED_AVAILABILITY = YES_AGGRESSIVE;
				CLANG_WARN_UNREACHABLE_CODE = YES;
				CLANG_WARN__DUPLICATE_METHOD_MATCH = YES;
				COPY_PHASE_STRIP = NO;
				DEBUG_INFORMATION_FORMAT = "dwarf-with-dsym";
				ENABLE_NS_ASSERTIONS = NO;
				ENABLE_STRICT_OBJC_MSGSEND = YES;
				GCC_C_LANGUAGE_STANDARD = gnu11;
				GCC_NO_COMMON_BLOCKS = YES;
				GCC_WARN_64_TO_32_BIT_CONVERSION = YES;
				GCC_WARN_ABOUT_RETURN_TYPE = YES_ERROR;
				GCC_WARN_UNDECLARED_SELECTOR = YES;
				GCC_WARN_UNINITIALIZED_AUTOS = YES_AGGRESSIVE;
				GCC_WARN_UNUSED_FUNCTION = YES;
				GCC_WARN_UNUSED_VARIABLE = YES;
				IPHONEOS_DEPLOYMENT_TARGET = 16.0;
				MTL_ENABLE_DEBUG_INFO = NO;
				MTL_FAST_MATH = YES;
				SDKROOT = iphoneos;
				SWIFT_COMPILATION_MODE = wholemodule;
				SWIFT_OPTIMIZATION_LEVEL = "-O";
				VALIDATE_PRODUCT = YES;
			};
			name = Release;
		};
		F11BD78528ED791F00B9E3A8 /* Debug */ = {
			isa = XCBuildConfiguration;
			buildSettings = {
				ASSETCATALOG_COMPILER_APPICON_NAME = AppIcon;
				ASSETCATALOG_COMPILER_GLOBAL_ACCENT_COLOR_NAME = AccentColor;
				CODE_SIGN_STYLE = Automatic;
				CURRENT_PROJECT_VERSION = 1;
				DEVELOPMENT_TEAM = VZQ7AWT6Y5;
				GENERATE_INFOPLIST_FILE = YES;
				INFOPLIST_FILE = Logan_Hackathon_WeatherApp/Info.plist;
				INFOPLIST_KEY_UIApplicationSupportsIndirectInputEvents = YES;
				INFOPLIST_KEY_UILaunchStoryboardName = LaunchScreen;
				INFOPLIST_KEY_UIMainStoryboardFile = Main;
				INFOPLIST_KEY_UISupportedInterfaceOrientations = UIInterfaceOrientationPortrait;
				INFOPLIST_KEY_UISupportedInterfaceOrientations_iPad = "UIInterfaceOrientationLandscapeLeft UIInterfaceOrientationLandscapeRight UIInterfaceOrientationPortrait UIInterfaceOrientationPortraitUpsideDown";
				IPHONEOS_DEPLOYMENT_TARGET = 14.0;
				LD_RUNPATH_SEARCH_PATHS = (
					"$(inherited)",
					"@executable_path/Frameworks",
				);
				MARKETING_VERSION = 1.0;
				PRODUCT_BUNDLE_IDENTIFIER = "com.slowook.Logan-Hackathon-WeatherApp";
				PRODUCT_NAME = "$(TARGET_NAME)";
				SUPPORTED_PLATFORMS = "iphoneos iphonesimulator";
				SUPPORTS_MACCATALYST = NO;
				SUPPORTS_MAC_DESIGNED_FOR_IPHONE_IPAD = NO;
				SWIFT_EMIT_LOC_STRINGS = YES;
				SWIFT_VERSION = 5.0;
				TARGETED_DEVICE_FAMILY = 1;
			};
			name = Debug;
		};
		F11BD78628ED791F00B9E3A8 /* Release */ = {
			isa = XCBuildConfiguration;
			buildSettings = {
				ASSETCATALOG_COMPILER_APPICON_NAME = AppIcon;
				ASSETCATALOG_COMPILER_GLOBAL_ACCENT_COLOR_NAME = AccentColor;
				CODE_SIGN_STYLE = Automatic;
				CURRENT_PROJECT_VERSION = 1;
				DEVELOPMENT_TEAM = VZQ7AWT6Y5;
				GENERATE_INFOPLIST_FILE = YES;
				INFOPLIST_FILE = Logan_Hackathon_WeatherApp/Info.plist;
				INFOPLIST_KEY_UIApplicationSupportsIndirectInputEvents = YES;
				INFOPLIST_KEY_UILaunchStoryboardName = LaunchScreen;
				INFOPLIST_KEY_UIMainStoryboardFile = Main;
				INFOPLIST_KEY_UISupportedInterfaceOrientations = UIInterfaceOrientationPortrait;
				INFOPLIST_KEY_UISupportedInterfaceOrientations_iPad = "UIInterfaceOrientationLandscapeLeft UIInterfaceOrientationLandscapeRight UIInterfaceOrientationPortrait UIInterfaceOrientationPortraitUpsideDown";
				IPHONEOS_DEPLOYMENT_TARGET = 14.0;
				LD_RUNPATH_SEARCH_PATHS = (
					"$(inherited)",
					"@executable_path/Frameworks",
				);
				MARKETING_VERSION = 1.0;
				PRODUCT_BUNDLE_IDENTIFIER = "com.slowook.Logan-Hackathon-WeatherApp";
				PRODUCT_NAME = "$(TARGET_NAME)";
				SUPPORTED_PLATFORMS = "iphoneos iphonesimulator";
				SUPPORTS_MACCATALYST = NO;
				SUPPORTS_MAC_DESIGNED_FOR_IPHONE_IPAD = NO;
				SWIFT_EMIT_LOC_STRINGS = YES;
				SWIFT_VERSION = 5.0;
				TARGETED_DEVICE_FAMILY = 1;
			};
			name = Release;
		};
/* End XCBuildConfiguration section */

/* Begin XCConfigurationList section */
		F11BD76B28ED791E00B9E3A8 /* Build configuration list for PBXProject "Logan_Hackathon_WeatherApp" */ = {
			isa = XCConfigurationList;
			buildConfigurations = (
				F11BD78228ED791F00B9E3A8 /* Debug */,
				F11BD78328ED791F00B9E3A8 /* Release */,
			);
			defaultConfigurationIsVisible = 0;
			defaultConfigurationName = Release;
		};
		F11BD78428ED791F00B9E3A8 /* Build configuration list for PBXNativeTarget "Logan_Hackathon_WeatherApp" */ = {
			isa = XCConfigurationList;
			buildConfigurations = (
				F11BD78528ED791F00B9E3A8 /* Debug */,
				F11BD78628ED791F00B9E3A8 /* Release */,
			);
			defaultConfigurationIsVisible = 0;
			defaultConfigurationName = Release;
		};
/* End XCConfigurationList section */
	};
	rootObject = F11BD76828ED791E00B9E3A8 /* Project object */;
}
